
Microsoft Visual Studio Solution File, Format Version 12.00
# Visual Studio Version 16
VisualStudioVersion = 25.0.1700.5
MinimumVisualStudioVersion = 10.0.40219.1
Project("{FAE04EC0-301F-11D3-BF4B-00C04F79EFBC}") = "basic-array-tasks", "basic-array-tasks\basic-array-tasks.csproj", "{ADA3598A-BE80-41FD-97D5-F77130BF15E3}"
EndProject
Global
	GlobalSection(SolutionConfigurationPlatforms) = preSolution
		Debug|Any CPU = Debug|Any CPU
		Release|Any CPU = Release|Any CPU
	EndGlobalSection
	GlobalSection(ProjectConfigurationPlatforms) = postSolution
		{ADA3598A-BE80-41FD-97D5-F77130BF15E3}.Debug|Any CPU.ActiveCfg = Debug|Any CPU
		{ADA3598A-BE80-41FD-97D5-F77130BF15E3}.Debug|Any CPU.Build.0 = Debug|Any CPU
		{ADA3598A-BE80-41FD-97D5-F77130BF15E3}.Release|Any CPU.ActiveCfg = Release|Any CPU
		{ADA3598A-BE80-41FD-97D5-F77130BF15E3}.Release|Any CPU.Build.0 = Release|Any CPU
	EndGlobalSection
	GlobalSection(SolutionProperties) = preSolution
		HideSolutionNode = FALSE
	EndGlobalSection
	GlobalSection(ExtensibilityGlobals) = postSolution
		SolutionGuid = {F75AEE9F-9BE9-4FD6-9EE1-D88119A3EC08}
	EndGlobalSection
EndGlobal
